// !$*UTF8*$!
{
	archiveVersion = 1;
	classes = {
	};
	objectVersion = 77;
	objects = {

/* Begin PBXBuildFile section */
		B769596D2E2F3E1100F146FB /* FirebaseAnalytics in Frameworks */ = {isa = PBXBuildFile; productRef = B769596C2E2F3E1100F146FB /* FirebaseAnalytics */; };
		B769596F2E2F3E1100F146FB /* FirebaseCore in Frameworks */ = {isa = PBXBuildFile; productRef = B769596E2E2F3E1100F146FB /* FirebaseCore */; };
		B76959712E2F3E1100F146FB /* FirebaseRemoteConfig in Frameworks */ = {isa = PBXBuildFile; productRef = B76959702E2F3E1100F146FB /* FirebaseRemoteConfig */; };
/* End PBXBuildFile section */

/* Begin PBXContainerItemProxy section */
		B769589E2E24916700F146FB /* PBXContainerItemProxy */ = {
			isa = PBXContainerItemProxy;
			containerPortal = B76958882E24916600F146FB /* Project object */;
			proxyType = 1;
			remoteGlobalIDString = B769588F2E24916600F146FB;
			remoteInfo = MirrorNote;
		};
		B76958A82E24916800F146FB /* PBXContainerItemProxy */ = {
			isa = PBXContainerItemProxy;
			containerPortal = B76958882E24916600F146FB /* Project object */;
			proxyType = 1;
			remoteGlobalIDString = B769588F2E24916600F146FB;
			remoteInfo = MirrorNote;
		};
/* End PBXContainerItemProxy section */

/* Begin PBXFileReference section */
		B76958902E24916600F146FB /* MirrorNote.app */ = {isa = PBXFileReference; explicitFileType = wrapper.application; includeInIndex = 0; path = MirrorNote.app; sourceTree = BUILT_PRODUCTS_DIR; };
		B769589D2E24916700F146FB /* MirrorNoteTests.xctest */ = {isa = PBXFileReference; explicitFileType = wrapper.cfbundle; includeInIndex = 0; path = MirrorNoteTests.xctest; sourceTree = BUILT_PRODUCTS_DIR; };
		B76958A72E24916800F146FB /* MirrorNoteUITests.xctest */ = {isa = PBXFileReference; explicitFileType = wrapper.cfbundle; includeInIndex = 0; path = MirrorNoteUITests.xctest; sourceTree = BUILT_PRODUCTS_DIR; };
/* End PBXFileReference section */

/* Begin PBXFileSystemSynchronizedRootGroup section */
		B76958922E24916600F146FB /* MirrorNote */ = {
			isa = PBXFileSystemSynchronizedRootGroup;
			path = MirrorNote;
			sourceTree = "<group>";
		};
		B76958A02E24916700F146FB /* MirrorNoteTests */ = {
			isa = PBXFileSystemSynchronizedRootGroup;
			path = MirrorNoteTests;
			sourceTree = "<group>";
		};
		B76958AA2E24916800F146FB /* MirrorNoteUITests */ = {
			isa = PBXFileSystemSynchronizedRootGroup;
			path = MirrorNoteUITests;
			sourceTree = "<group>";
		};
/* End PBXFileSystemSynchronizedRootGroup section */

/* Begin PBXFrameworksBuildPhase section */
		B769588D2E24916600F146FB /* Frameworks */ = {
			isa = PBXFrameworksBuildPhase;
			buildActionMask = 2147483647;
			files = (
				B76959712E2F3E1100F146FB /* FirebaseRemoteConfig in Frameworks */,
				B769596F2E2F3E1100F146FB /* FirebaseCore in Frameworks */,
				B769596D2E2F3E1100F146FB /* FirebaseAnalytics in Frameworks */,
			);
			runOnlyForDeploymentPostprocessing = 0;
		};
		B769589A2E24916700F146FB /* Frameworks */ = {
			isa = PBXFrameworksBuildPhase;
			buildActionMask = 2147483647;
			files = (
			);
			runOnlyForDeploymentPostprocessing = 0;
		};
		B76958A42E24916800F146FB /* Frameworks */ = {
			isa = PBXFrameworksBuildPhase;
			buildActionMask = 2147483647;
			files = (
			);
			runOnlyForDeploymentPostprocessing = 0;
		};
/* End PBXFrameworksBuildPhase section */

/* Begin PBXGroup section */
		B76958872E24916600F146FB = {
			isa = PBXGroup;
			children = (
				B76958922E24916600F146FB /* MirrorNote */,
				B76958A02E24916700F146FB /* MirrorNoteTests */,
				B76958AA2E24916800F146FB /* MirrorNoteUITests */,
				B76958912E24916600F146FB /* Products */,
			);
			sourceTree = "<group>";
		};
		B76958912E24916600F146FB /* Products */ = {
			isa = PBXGroup;
			children = (
				B76958902E24916600F146FB /* MirrorNote.app */,
				B769589D2E24916700F146FB /* MirrorNoteTests.xctest */,
				B76958A72E24916800F146FB /* MirrorNoteUITests.xctest */,
			);
			name = Products;
			sourceTree = "<group>";
		};
/* End PBXGroup section */

/* Begin PBXNativeTarget section */
		B769588F2E24916600F146FB /* MirrorNote */ = {
			isa = PBXNativeTarget;
			buildConfigurationList = B76958B12E24916800F146FB /* Build configuration list for PBXNativeTarget "MirrorNote" */;
			buildPhases = (
				B769588C2E24916600F146FB /* Sources */,
				B769588D2E24916600F146FB /* Frameworks */,
				B769588E2E24916600F146FB /* Resources */,
			);
			buildRules = (
			);
			dependencies = (
			);
			fileSystemSynchronizedGroups = (
				B76958922E24916600F146FB /* MirrorNote */,
			);
			name = MirrorNote;
			packageProductDependencies = (
				B769596C2E2F3E1100F146FB /* FirebaseAnalytics */,
				B769596E2E2F3E1100F146FB /* FirebaseCore */,
				B76959702E2F3E1100F146FB /* FirebaseRemoteConfig */,
			);
			productName = MirrorNote;
			productReference = B76958902E24916600F146FB /* MirrorNote.app */;
			productType = "com.apple.product-type.application";
		};
		B769589C2E24916700F146FB /* MirrorNoteTests */ = {
			isa = PBXNativeTarget;
			buildConfigurationList = B76958B42E24916800F146FB /* Build configuration list for PBXNativeTarget "MirrorNoteTests" */;
			buildPhases = (
				B76958992E24916700F146FB /* Sources */,
				B769589A2E24916700F146FB /* Frameworks */,
				B769589B2E24916700F146FB /* Resources */,
			);
			buildRules = (
			);
			dependencies = (
				B769589F2E24916700F146FB /* PBXTargetDependency */,
			);
			fileSystemSynchronizedGroups = (
				B76958A02E24916700F146FB /* MirrorNoteTests */,
			);
			name = MirrorNoteTests;
			packageProductDependencies = (
			);
			productName = MirrorNoteTests;
			productReference = B769589D2E24916700F146FB /* MirrorNoteTests.xctest */;
			productType = "com.apple.product-type.bundle.unit-test";
		};
		B76958A62E24916800F146FB /* MirrorNoteUITests */ = {
			isa = PBXNativeTarget;
			buildConfigurationList = B76958B72E24916800F146FB /* Build configuration list for PBXNativeTarget "MirrorNoteUITests" */;
			buildPhases = (
				B76958A32E24916800F146FB /* Sources */,
				B76958A42E24916800F146FB /* Frameworks */,
				B76958A52E24916800F146FB /* Resources */,
			);
			buildRules = (
			);
			dependencies = (
				B76958A92E24916800F146FB /* PBXTargetDependency */,
			);
			fileSystemSynchronizedGroups = (
				B76958AA2E24916800F146FB /* MirrorNoteUITests */,
			);
			name = MirrorNoteUITests;
			packageProductDependencies = (
			);
			productName = MirrorNoteUITests;
			productReference = B76958A72E24916800F146FB /* MirrorNoteUITests.xctest */;
			productType = "com.apple.product-type.bundle.ui-testing";
		};
/* End PBXNativeTarget section */

/* Begin PBXProject section */
		B76958882E24916600F146FB /* Project object */ = {
			isa = PBXProject;
			attributes = {
				BuildIndependentTargetsInParallel = 1;
				LastSwiftUpdateCheck = 1640;
				LastUpgradeCheck = 1640;
				TargetAttributes = {
					B769588F2E24916600F146FB = {
						CreatedOnToolsVersion = 16.4;
					};
					B769589C2E24916700F146FB = {
						CreatedOnToolsVersion = 16.4;
						TestTargetID = B769588F2E24916600F146FB;
					};
					B76958A62E24916800F146FB = {
						CreatedOnToolsVersion = 16.4;
						TestTargetID = B769588F2E24916600F146FB;
					};
				};
			};
			buildConfigurationList = B769588B2E24916600F146FB /* Build configuration list for PBXProject "MirrorNote" */;
			developmentRegion = en;
			hasScannedForEncodings = 0;
			knownRegions = (
				en,
				Base,
			);
			mainGroup = B76958872E24916600F146FB;
			minimizedProjectReferenceProxies = 1;
			packageReferences = (
				B769596B2E2F3E1100F146FB /* XCRemoteSwiftPackageReference "firebase-ios-sdk" */,
			);
			preferredProjectObjectVersion = 77;
			productRefGroup = B76958912E24916600F146FB /* Products */;
			projectDirPath = "";
			projectRoot = "";
			targets = (
				B769588F2E24916600F146FB /* MirrorNote */,
				B769589C2E24916700F146FB /* MirrorNoteTests */,
				B76958A62E24916800F146FB /* MirrorNoteUITests */,
			);
		};
/* End PBXProject section */

/* Begin PBXResourcesBuildPhase section */
		B769588E2E24916600F146FB /* Resources */ = {
			isa = PBXResourcesBuildPhase;
			buildActionMask = 2147483647;
			files = (
			);
			runOnlyForDeploymentPostprocessing = 0;
		};
		B769589B2E24916700F146FB /* Resources */ = {
			isa = PBXResourcesBuildPhase;
			buildActionMask = 2147483647;
			files = (
			);
			runOnlyForDeploymentPostprocessing = 0;
		};
		B76958A52E24916800F146FB /* Resources */ = {
			isa = PBXResourcesBuildPhase;
			buildActionMask = 2147483647;
			files = (
			);
			runOnlyForDeploymentPostprocessing = 0;
		};
/* End PBXResourcesBuildPhase section */

/* Begin PBXSourcesBuildPhase section */
		B769588C2E24916600F146FB /* Sources */ = {
			isa = PBXSourcesBuildPhase;
			buildActionMask = 2147483647;
			files = (
			);
			runOnlyForDeploymentPostprocessing = 0;
		};
		B76958992E24916700F146FB /* Sources */ = {
			isa = PBXSourcesBuildPhase;
			buildActionMask = 2147483647;
			files = (
			);
			runOnlyForDeploymentPostprocessing = 0;
		};
		B76958A32E24916800F146FB /* Sources */ = {
			isa = PBXSourcesBuildPhase;
			buildActionMask = 2147483647;
			files = (
			);
			runOnlyForDeploymentPostprocessing = 0;
		};
/* End PBXSourcesBuildPhase section */

/* Begin PBXTargetDependency section */
		B769589F2E24916700F146FB /* PBXTargetDependency */ = {
			isa = PBXTargetDependency;
			target = B769588F2E24916600F146FB /* MirrorNote */;
			targetProxy = B769589E2E24916700F146FB /* PBXContainerItemProxy */;
		};
		B76958A92E24916800F146FB /* PBXTargetDependency */ = {
			isa = PBXTargetDependency;
			target = B769588F2E24916600F146FB /* MirrorNote */;
			targetProxy = B76958A82E24916800F146FB /* PBXContainerItemProxy */;
		};
/* End PBXTargetDependency section */

/* Begin XCBuildConfiguration section */
		B76958AF2E24916800F146FB /* Debug */ = {
			isa = XCBuildConfiguration;
			buildSettings = {
				ALWAYS_SEARCH_USER_PATHS = NO;
				ASSETCATALOG_COMPILER_GENERATE_SWIFT_ASSET_SYMBOL_EXTENSIONS = YES;
				CLANG_ANALYZER_NONNULL = YES;
				CLANG_ANALYZER_NUMBER_OBJECT_CONVERSION = YES_AGGRESSIVE;
				CLANG_CXX_LANGUAGE_STANDARD = "gnu++20";
				CLANG_ENABLE_MODULES = YES;
				CLANG_ENABLE_OBJC_ARC = YES;
				CLANG_ENABLE_OBJC_WEAK = YES;
				CLANG_WARN_BLOCK_CAPTURE_AUTORELEASING = YES;
				CLANG_WARN_BOOL_CONVERSION = YES;
				CLANG_WARN_COMMA = YES;
				CLANG_WARN_CONSTANT_CONVERSION = YES;
				CLANG_WARN_DEPRECATED_OBJC_IMPLEMENTATIONS = YES;
				CLANG_WARN_DIRECT_OBJC_ISA_USAGE = YES_ERROR;
				CLANG_WARN_DOCUMENTATION_COMMENTS = YES;
				CLANG_WARN_EMPTY_BODY = YES;
				CLANG_WARN_ENUM_CONVERSION = YES;
				CLANG_WARN_INFINITE_RECURSION = YES;
				CLANG_WARN_INT_CONVERSION = YES;
				CLANG_WARN_NON_LITERAL_NULL_CONVERSION = YES;
				CLANG_WARN_OBJC_IMPLICIT_RETAIN_SELF = YES;
				CLANG_WARN_OBJC_LITERAL_CONVERSION = YES;
				CLANG_WARN_OBJC_ROOT_CLASS = YES_ERROR;
				CLANG_WARN_QUOTED_INCLUDE_IN_FRAMEWORK_HEADER = YES;
				CLANG_WARN_RANGE_LOOP_ANALYSIS = YES;
				CLANG_WARN_STRICT_PROTOTYPES = YES;
				CLANG_WARN_SUSPICIOUS_MOVE = YES;
				CLANG_WARN_UNGUARDED_AVAILABILITY = YES_AGGRESSIVE;
				CLANG_WARN_UNREACHABLE_CODE = YES;
				CLANG_WARN__DUPLICATE_METHOD_MATCH = YES;
				COPY_PHASE_STRIP = NO;
				DEBUG_INFORMATION_FORMAT = dwarf;
				DEVELOPMENT_TEAM = G469783AUB;
				ENABLE_STRICT_OBJC_MSGSEND = YES;
				ENABLE_TESTABILITY = YES;
				ENABLE_USER_SCRIPT_SANDBOXING = YES;
				GCC_C_LANGUAGE_STANDARD = gnu17;
				GCC_DYNAMIC_NO_PIC = NO;
				GCC_NO_COMMON_BLOCKS = YES;
				GCC_OPTIMIZATION_LEVEL = 0;
				GCC_PREPROCESSOR_DEFINITIONS = (
					"DEBUG=1",
					"$(inherited)",
				);
				GCC_WARN_64_TO_32_BIT_CONVERSION = YES;
				GCC_WARN_ABOUT_RETURN_TYPE = YES_ERROR;
				GCC_WARN_UNDECLARED_SELECTOR = YES;
				GCC_WARN_UNINITIALIZED_AUTOS = YES_AGGRESSIVE;
				GCC_WARN_UNUSED_FUNCTION = YES;
				GCC_WARN_UNUSED_VARIABLE = YES;
				IPHONEOS_DEPLOYMENT_TARGET = 18.5;
				LOCALIZATION_PREFERS_STRING_CATALOGS = YES;
				MTL_ENABLE_DEBUG_INFO = INCLUDE_SOURCE;
				MTL_FAST_MATH = YES;
				ONLY_ACTIVE_ARCH = YES;
				SDKROOT = iphoneos;
				SWIFT_ACTIVE_COMPILATION_CONDITIONS = "DEBUG $(inherited)";
				SWIFT_OPTIMIZATION_LEVEL = "-Onone";
			};
			name = Debug;
		};
		B76958B02E24916800F146FB /* Release */ = {
			isa = XCBuildConfiguration;
			buildSettings = {
				ALWAYS_SEARCH_USER_PATHS = NO;
				ASSETCATALOG_COMPILER_GENERATE_SWIFT_ASSET_SYMBOL_EXTENSIONS = YES;
				CLANG_ANALYZER_NONNULL = YES;
				CLANG_ANALYZER_NUMBER_OBJECT_CONVERSION = YES_AGGRESSIVE;
				CLANG_CXX_LANGUAGE_STANDARD = "gnu++20";
				CLANG_ENABLE_MODULES = YES;
				CLANG_ENABLE_OBJC_ARC = YES;
				CLANG_ENABLE_OBJC_WEAK = YES;
				CLANG_WARN_BLOCK_CAPTURE_AUTORELEASING = YES;
				CLANG_WARN_BOOL_CONVERSION = YES;
				CLANG_WARN_COMMA = YES;
				CLANG_WARN_CONSTANT_CONVERSION = YES;
				CLANG_WARN_DEPRECATED_OBJC_IMPLEMENTATIONS = YES;
				CLANG_WARN_DIRECT_OBJC_ISA_USAGE = YES_ERROR;
				CLANG_WARN_DOCUMENTATION_COMMENTS = YES;
				CLANG_WARN_EMPTY_BODY = YES;
				CLANG_WARN_ENUM_CONVERSION = YES;
				CLANG_WARN_INFINITE_RECURSION = YES;
				CLANG_WARN_INT_CONVERSION = YES;
				CLANG_WARN_NON_LITERAL_NULL_CONVERSION = YES;
				CLANG_WARN_OBJC_IMPLICIT_RETAIN_SELF = YES;
				CLANG_WARN_OBJC_LITERAL_CONVERSION = YES;
				CLANG_WARN_OBJC_ROOT_CLASS = YES_ERROR;
				CLANG_WARN_QUOTED_INCLUDE_IN_FRAMEWORK_HEADER = YES;
				CLANG_WARN_RANGE_LOOP_ANALYSIS = YES;
				CLANG_WARN_STRICT_PROTOTYPES = YES;
				CLANG_WARN_SUSPICIOUS_MOVE = YES;
				CLANG_WARN_UNGUARDED_AVAILABILITY = YES_AGGRESSIVE;
				CLANG_WARN_UNREACHABLE_CODE = YES;
				CLANG_WARN__DUPLICATE_METHOD_MATCH = YES;
				COPY_PHASE_STRIP = NO;
				DEBUG_INFORMATION_FORMAT = "dwarf-with-dsym";
				DEVELOPMENT_TEAM = G469783AUB;
				ENABLE_NS_ASSERTIONS = NO;
				ENABLE_STRICT_OBJC_MSGSEND = YES;
				ENABLE_USER_SCRIPT_SANDBOXING = YES;
				GCC_C_LANGUAGE_STANDARD = gnu17;
				GCC_NO_COMMON_BLOCKS = YES;
				GCC_WARN_64_TO_32_BIT_CONVERSION = YES;
				GCC_WARN_ABOUT_RETURN_TYPE = YES_ERROR;
				GCC_WARN_UNDECLARED_SELECTOR = YES;
				GCC_WARN_UNINITIALIZED_AUTOS = YES_AGGRESSIVE;
				GCC_WARN_UNUSED_FUNCTION = YES;
				GCC_WARN_UNUSED_VARIABLE = YES;
				IPHONEOS_DEPLOYMENT_TARGET = 18.5;
				LOCALIZATION_PREFERS_STRING_CATALOGS = YES;
				MTL_ENABLE_DEBUG_INFO = NO;
				MTL_FAST_MATH = YES;
				SDKROOT = iphoneos;
				SWIFT_COMPILATION_MODE = wholemodule;
				VALIDATE_PRODUCT = YES;
			};
			name = Release;
		};
		B76958B22E24916800F146FB /* Debug */ = {
			isa = XCBuildConfiguration;
			buildSettings = {
				ASSETCATALOG_COMPILER_APPICON_NAME = AppIcon;
				ASSETCATALOG_COMPILER_GLOBAL_ACCENT_COLOR_NAME = AccentColor;
				CODE_SIGN_STYLE = Automatic;
				CURRENT_PROJECT_VERSION = 1;
				DEVELOPMENT_TEAM = G469783AUB;
				ENABLE_PREVIEWS = YES;
				GENERATE_INFOPLIST_FILE = YES;
				INFOPLIST_KEY_UIApplicationSceneManifest_Generation = YES;
				INFOPLIST_KEY_UIApplicationSupportsIndirectInputEvents = YES;
				INFOPLIST_KEY_UILaunchScreen_Generation = YES;
				INFOPLIST_KEY_UISupportedInterfaceOrientations_iPad = "UIInterfaceOrientationPortrait UIInterfaceOrientationPortraitUpsideDown UIInterfaceOrientationLandscapeLeft UIInterfaceOrientationLandscapeRight";
				INFOPLIST_KEY_UISupportedInterfaceOrientations_iPhone = "UIInterfaceOrientationPortrait UIInterfaceOrientationLandscapeLeft UIInterfaceOrientationLandscapeRight";
				IPHONEOS_DEPLOYMENT_TARGET = 16.6;
				LD_RUNPATH_SEARCH_PATHS = (
					"$(inherited)",
					"@executable_path/Frameworks",
				);
				MARKETING_VERSION = 1.0;
				PRODUCT_BUNDLE_IDENTIFIER = ZUKI.MirrorNote;
				PRODUCT_NAME = "$(TARGET_NAME)";
				SWIFT_EMIT_LOC_STRINGS = YES;
				SWIFT_VERSION = 5.0;
				TARGETED_DEVICE_FAMILY = "1,2";
			};
			name = Debug;
		};
		B76958B32E24916800F146FB /* Release */ = {
			isa = XCBuildConfiguration;
			buildSettings = {
				ASSETCATALOG_COMPILER_APPICON_NAME = AppIcon;
				ASSETCATALOG_COMPILER_GLOBAL_ACCENT_COLOR_NAME = AccentColor;
				CODE_SIGN_STYLE = Automatic;
				CURRENT_PROJECT_VERSION = 1;
				DEVELOPMENT_TEAM = G469783AUB;
				ENABLE_PREVIEWS = YES;
				GENERATE_INFOPLIST_FILE = YES;
				INFOPLIST_KEY_UIApplicationSceneManifest_Generation = YES;
				INFOPLIST_KEY_UIApplicationSupportsIndirectInputEvents = YES;
				INFOPLIST_KEY_UILaunchScreen_Generation = YES;
				INFOPLIST_KEY_UISupportedInterfaceOrientations_iPad = "UIInterfaceOrientationPortrait UIInterfaceOrientationPortraitUpsideDown UIInterfaceOrientationLandscapeLeft UIInterfaceOrientationLandscapeRight";
				INFOPLIST_KEY_UISupportedInterfaceOrientations_iPhone = "UIInterfaceOrientationPortrait UIInterfaceOrientationLandscapeLeft UIInterfaceOrientationLandscapeRight";
				IPHONEOS_DEPLOYMENT_TARGET = 16.6;
				LD_RUNPATH_SEARCH_PATHS = (
					"$(inherited)",
					"@executable_path/Frameworks",
				);
				MARKETING_VERSION = 1.0;
				PRODUCT_BUNDLE_IDENTIFIER = ZUKI.MirrorNote;
				PRODUCT_NAME = "$(TARGET_NAME)";
				SWIFT_EMIT_LOC_STRINGS = YES;
				SWIFT_VERSION = 5.0;
				TARGETED_DEVICE_FAMILY = "1,2";
			};
			name = Release;
		};
		B76958B52E24916800F146FB /* Debug */ = {
			isa = XCBuildConfiguration;
			buildSettings = {
				BUNDLE_LOADER = "$(TEST_HOST)";
				CODE_SIGN_STYLE = Automatic;
				CURRENT_PROJECT_VERSION = 1;
				DEVELOPMENT_TEAM = G469783AUB;
				GENERATE_INFOPLIST_FILE = YES;
				IPHONEOS_DEPLOYMENT_TARGET = 18.5;
				MARKETING_VERSION = 1.0;
				PRODUCT_BUNDLE_IDENTIFIER = ZUKI.MirrorNoteTests;
				PRODUCT_NAME = "$(TARGET_NAME)";
				SWIFT_EMIT_LOC_STRINGS = NO;
				SWIFT_VERSION = 5.0;
				TARGETED_DEVICE_FAMILY = "1,2";
				TEST_HOST = "$(BUILT_PRODUCTS_DIR)/MirrorNote.app/$(BUNDLE_EXECUTABLE_FOLDER_PATH)/MirrorNote";
			};
			name = Debug;
		};
		B76958B62E24916800F146FB /* Release */ = {
			isa = XCBuildConfiguration;
			buildSettings = {
				BUNDLE_LOADER = "$(TEST_HOST)";
				CODE_SIGN_STYLE = Automatic;
				CURRENT_PROJECT_VERSION = 1;
				DEVELOPMENT_TEAM = G469783AUB;
				GENERATE_INFOPLIST_FILE = YES;
				IPHONEOS_DEPLOYMENT_TARGET = 18.5;
				MARKETING_VERSION = 1.0;
				PRODUCT_BUNDLE_IDENTIFIER = ZUKI.MirrorNoteTests;
				PRODUCT_NAME = "$(TARGET_NAME)";
				SWIFT_EMIT_LOC_STRINGS = NO;
				SWIFT_VERSION = 5.0;
				TARGETED_DEVICE_FAMILY = "1,2";
				TEST_HOST = "$(BUILT_PRODUCTS_DIR)/MirrorNote.app/$(BUNDLE_EXECUTABLE_FOLDER_PATH)/MirrorNote";
			};
			name = Release;
		};
		B76958B82E24916800F146FB /* Debug */ = {
			isa = XCBuildConfiguration;
			buildSettings = {
				CODE_SIGN_STYLE = Automatic;
				CURRENT_PROJECT_VERSION = 1;
				DEVELOPMENT_TEAM = G469783AUB;
				GENERATE_INFOPLIST_FILE = YES;
				MARKETING_VERSION = 1.0;
				PRODUCT_BUNDLE_IDENTIFIER = ZUKI.MirrorNoteUITests;
				PRODUCT_NAME = "$(TARGET_NAME)";
				SWIFT_EMIT_LOC_STRINGS = NO;
				SWIFT_VERSION = 5.0;
				TARGETED_DEVICE_FAMILY = "1,2";
				TEST_TARGET_NAME = MirrorNote;
			};
			name = Debug;
		};
		B76958B92E24916800F146FB /* Release */ = {
			isa = XCBuildConfiguration;
			buildSettings = {
				CODE_SIGN_STYLE = Automatic;
				CURRENT_PROJECT_VERSION = 1;
				DEVELOPMENT_TEAM = G469783AUB;
				GENERATE_INFOPLIST_FILE = YES;
				MARKETING_VERSION = 1.0;
				PRODUCT_BUNDLE_IDENTIFIER = ZUKI.MirrorNoteUITests;
				PRODUCT_NAME = "$(TARGET_NAME)";
				SWIFT_EMIT_LOC_STRINGS = NO;
				SWIFT_VERSION = 5.0;
				TARGETED_DEVICE_FAMILY = "1,2";
				TEST_TARGET_NAME = MirrorNote;
			};
			name = Release;
		};
/* End XCBuildConfiguration section */

/* Begin XCConfigurationList section */
		B769588B2E24916600F146FB /* Build configuration list for PBXProject "MirrorNote" */ = {
			isa = XCConfigurationList;
			buildConfigurations = (
				B76958AF2E24916800F146FB /* Debug */,
				B76958B02E24916800F146FB /* Release */,
			);
			defaultConfigurationIsVisible = 0;
			defaultConfigurationName = Release;
		};
		B76958B12E24916800F146FB /* Build configuration list for PBXNativeTarget "MirrorNote" */ = {
			isa = XCConfigurationList;
			buildConfigurations = (
				B76958B22E24916800F146FB /* Debug */,
				B76958B32E24916800F146FB /* Release */,
			);
			defaultConfigurationIsVisible = 0;
			defaultConfigurationName = Release;
		};
		B76958B42E24916800F146FB /* Build configuration list for PBXNativeTarget "MirrorNoteTests" */ = {
			isa = XCConfigurationList;
			buildConfigurations = (
				B76958B52E24916800F146FB /* Debug */,
				B76958B62E24916800F146FB /* Release */,
			);
			defaultConfigurationIsVisible = 0;
			defaultConfigurationName = Release;
		};
		B76958B72E24916800F146FB /* Build configuration list for PBXNativeTarget "MirrorNoteUITests" */ = {
			isa = XCConfigurationList;
			buildConfigurations = (
				B76958B82E24916800F146FB /* Debug */,
				B76958B92E24916800F146FB /* Release */,
			);
			defaultConfigurationIsVisible = 0;
			defaultConfigurationName = Release;
		};
/* End XCConfigurationList section */

/* Begin XCRemoteSwiftPackageReference section */
		B769596B2E2F3E1100F146FB /* XCRemoteSwiftPackageReference "firebase-ios-sdk" */ = {
			isa = XCRemoteSwiftPackageReference;
			repositoryURL = "https://github.com/firebase/firebase-ios-sdk";
			requirement = {
				kind = upToNextMajorVersion;
				minimumVersion = 12.0.0;
			};
		};
/* End XCRemoteSwiftPackageReference section */

/* Begin XCSwiftPackageProductDependency section */
		B769596C2E2F3E1100F146FB /* FirebaseAnalytics */ = {
			isa = XCSwiftPackageProductDependency;
			package = B769596B2E2F3E1100F146FB /* XCRemoteSwiftPackageReference "firebase-ios-sdk" */;
			productName = FirebaseAnalytics;
		};
		B769596E2E2F3E1100F146FB /* FirebaseCore */ = {
			isa = XCSwiftPackageProductDependency;
			package = B769596B2E2F3E1100F146FB /* XCRemoteSwiftPackageReference "firebase-ios-sdk" */;
			productName = FirebaseCore;
		};
		B76959702E2F3E1100F146FB /* FirebaseRemoteConfig */ = {
			isa = XCSwiftPackageProductDependency;
			package = B769596B2E2F3E1100F146FB /* XCRemoteSwiftPackageReference "firebase-ios-sdk" */;
			productName = FirebaseRemoteConfig;
		};
/* End XCSwiftPackageProductDependency section */
	};
	rootObject = B76958882E24916600F146FB /* Project object */;
}
